// !$*UTF8*$!
{
	archiveVersion = 1;
	classes = {
	};
	objectVersion = 50;
	objects = {

/* Begin PBXBuildFile section */
		660CF5BC245729C40062B1AC /* UIButton+Extension.swift in Sources */ = {isa = PBXBuildFile; fileRef = 660CF5BB245729C40062B1AC /* UIButton+Extension.swift */; };
		660CF5BE245757200062B1AC /* ScoreViewController.swift in Sources */ = {isa = PBXBuildFile; fileRef = 660CF5BD245757200062B1AC /* ScoreViewController.swift */; };
		66109EC32497914D00EE3F19 /* UIColor+Extension.swift in Sources */ = {isa = PBXBuildFile; fileRef = 66109EC22497914D00EE3F19 /* UIColor+Extension.swift */; };
		66115326249546460089454C /* Observable.swift in Sources */ = {isa = PBXBuildFile; fileRef = 66115325249546460089454C /* Observable.swift */; };
		661153282495466E0089454C /* ObservableOptions.swift in Sources */ = {isa = PBXBuildFile; fileRef = 661153272495466E0089454C /* ObservableOptions.swift */; };
		66115332249640430089454C /* AddNewQuestionViewController.swift in Sources */ = {isa = PBXBuildFile; fileRef = 66115331249640430089454C /* AddNewQuestionViewController.swift */; };
		6611533424968C570089454C /* Question.swift in Sources */ = {isa = PBXBuildFile; fileRef = 6611533324968C570089454C /* Question.swift */; };
		6611533624968D850089454C /* QuestionsCaretaker.swift in Sources */ = {isa = PBXBuildFile; fileRef = 6611533524968D850089454C /* QuestionsCaretaker.swift */; };
		662919602490FDBE009F98AD /* QuestionSession.swift in Sources */ = {isa = PBXBuildFile; fileRef = 6629195F2490FDBE009F98AD /* QuestionSession.swift */; };
		662919622491044A009F98AD /* GameViewController+Extension.swift in Sources */ = {isa = PBXBuildFile; fileRef = 662919612491044A009F98AD /* GameViewController+Extension.swift */; };
		6629196424926F73009F98AD /* QuestionsStrategy.swift in Sources */ = {isa = PBXBuildFile; fileRef = 6629196324926F73009F98AD /* QuestionsStrategy.swift */; };
		6631F0192446229A00ECA686 /* questions.json in Resources */ = {isa = PBXBuildFile; fileRef = 6631F0182446229A00ECA686 /* questions.json */; };
		6642A03D2460868E00964CC5 /* RecordsCaretaker.swift in Sources */ = {isa = PBXBuildFile; fileRef = 6642A03C2460868E00964CC5 /* RecordsCaretaker.swift */; };
		6642A03F24608CE600964CC5 /* RecordsTableViewController.swift in Sources */ = {isa = PBXBuildFile; fileRef = 6642A03E24608CE600964CC5 /* RecordsTableViewController.swift */; };
		66777C592444B00C00C923F2 /* AppDelegate.swift in Sources */ = {isa = PBXBuildFile; fileRef = 66777C582444B00C00C923F2 /* AppDelegate.swift */; };
		66777C5B2444B00C00C923F2 /* SceneDelegate.swift in Sources */ = {isa = PBXBuildFile; fileRef = 66777C5A2444B00C00C923F2 /* SceneDelegate.swift */; };
		66777C602444B00C00C923F2 /* Main.storyboard in Resources */ = {isa = PBXBuildFile; fileRef = 66777C5E2444B00C00C923F2 /* Main.storyboard */; };
		66777C622444B00E00C923F2 /* Assets.xcassets in Resources */ = {isa = PBXBuildFile; fileRef = 66777C612444B00E00C923F2 /* Assets.xcassets */; };
		66777C652444B00E00C923F2 /* LaunchScreen.storyboard in Resources */ = {isa = PBXBuildFile; fileRef = 66777C632444B00E00C923F2 /* LaunchScreen.storyboard */; };
		66777C742444C96200C923F2 /* GameViewController.swift in Sources */ = {isa = PBXBuildFile; fileRef = 66777C732444C96200C923F2 /* GameViewController.swift */; };
		66777C782444CAEC00C923F2 /* MainMenuViewController.swift in Sources */ = {isa = PBXBuildFile; fileRef = 66777C772444CAEC00C923F2 /* MainMenuViewController.swift */; };
		66777C822444D89600C923F2 /* MQuestion.swift in Sources */ = {isa = PBXBuildFile; fileRef = 66777C812444D89600C923F2 /* MQuestion.swift */; };
		66B2F02E248E45BC00E20C46 /* RandomQuestions.swift in Sources */ = {isa = PBXBuildFile; fileRef = 66B2F02B248E45BC00E20C46 /* RandomQuestions.swift */; };
		66B2F030248E45BC00E20C46 /* SequentialQuestions.swift in Sources */ = {isa = PBXBuildFile; fileRef = 66B2F02D248E45BC00E20C46 /* SequentialQuestions.swift */; };
		66B2F032248E45FB00E20C46 /* Difficulty.swift in Sources */ = {isa = PBXBuildFile; fileRef = 66B2F031248E45FA00E20C46 /* Difficulty.swift */; };
		66B2F035248E460100E20C46 /* GameSession.swift in Sources */ = {isa = PBXBuildFile; fileRef = 66B2F033248E460100E20C46 /* GameSession.swift */; };
		66B2F036248E460100E20C46 /* Game.swift in Sources */ = {isa = PBXBuildFile; fileRef = 66B2F034248E460100E20C46 /* Game.swift */; };
		66EFCC3724522AFB004A76C7 /* Bundle-Decodable.swift in Sources */ = {isa = PBXBuildFile; fileRef = 66EFCC3624522AFB004A76C7 /* Bundle-Decodable.swift */; };
/* End PBXBuildFile section */

/* Begin PBXFileReference section */
		660CF5BB245729C40062B1AC /* UIButton+Extension.swift */ = {isa = PBXFileReference; fileEncoding = 4; lastKnownFileType = sourcecode.swift; path = "UIButton+Extension.swift"; sourceTree = "<group>"; };
		660CF5BD245757200062B1AC /* ScoreViewController.swift */ = {isa = PBXFileReference; lastKnownFileType = sourcecode.swift; path = ScoreViewController.swift; sourceTree = "<group>"; };
		66109EC22497914D00EE3F19 /* UIColor+Extension.swift */ = {isa = PBXFileReference; lastKnownFileType = sourcecode.swift; path = "UIColor+Extension.swift"; sourceTree = "<group>"; };
		66115325249546460089454C /* Observable.swift */ = {isa = PBXFileReference; lastKnownFileType = sourcecode.swift; path = Observable.swift; sourceTree = "<group>"; };
		661153272495466E0089454C /* ObservableOptions.swift */ = {isa = PBXFileReference; lastKnownFileType = sourcecode.swift; path = ObservableOptions.swift; sourceTree = "<group>"; };
		66115331249640430089454C /* AddNewQuestionViewController.swift */ = {isa = PBXFileReference; lastKnownFileType = sourcecode.swift; path = AddNewQuestionViewController.swift; sourceTree = "<group>"; };
		6611533324968C570089454C /* Question.swift */ = {isa = PBXFileReference; lastKnownFileType = sourcecode.swift; path = Question.swift; sourceTree = "<group>"; };
		6611533524968D850089454C /* QuestionsCaretaker.swift */ = {isa = PBXFileReference; lastKnownFileType = sourcecode.swift; path = QuestionsCaretaker.swift; sourceTree = "<group>"; };
		6629195F2490FDBE009F98AD /* QuestionSession.swift */ = {isa = PBXFileReference; lastKnownFileType = sourcecode.swift; path = QuestionSession.swift; sourceTree = "<group>"; };
		662919612491044A009F98AD /* GameViewController+Extension.swift */ = {isa = PBXFileReference; lastKnownFileType = sourcecode.swift; path = "GameViewController+Extension.swift"; sourceTree = "<group>"; };
		6629196324926F73009F98AD /* QuestionsStrategy.swift */ = {isa = PBXFileReference; lastKnownFileType = sourcecode.swift; path = QuestionsStrategy.swift; sourceTree = "<group>"; };
		6631F0182446229A00ECA686 /* questions.json */ = {isa = PBXFileReference; fileEncoding = 4; lastKnownFileType = text.json; path = questions.json; sourceTree = "<group>"; };
		6642A03C2460868E00964CC5 /* RecordsCaretaker.swift */ = {isa = PBXFileReference; lastKnownFileType = sourcecode.swift; path = RecordsCaretaker.swift; sourceTree = "<group>"; };
		6642A03E24608CE600964CC5 /* RecordsTableViewController.swift */ = {isa = PBXFileReference; lastKnownFileType = sourcecode.swift; name = RecordsTableViewController.swift; path = WhoMillionaire/Game/RecordsTableViewController.swift; sourceTree = SOURCE_ROOT; };
		66777C552444B00C00C923F2 /* WhoMillionaire.app */ = {isa = PBXFileReference; explicitFileType = wrapper.application; includeInIndex = 0; path = WhoMillionaire.app; sourceTree = BUILT_PRODUCTS_DIR; };
		66777C582444B00C00C923F2 /* AppDelegate.swift */ = {isa = PBXFileReference; lastKnownFileType = sourcecode.swift; path = AppDelegate.swift; sourceTree = "<group>"; };
		66777C5A2444B00C00C923F2 /* SceneDelegate.swift */ = {isa = PBXFileReference; lastKnownFileType = sourcecode.swift; path = SceneDelegate.swift; sourceTree = "<group>"; };
		66777C5F2444B00C00C923F2 /* Base */ = {isa = PBXFileReference; lastKnownFileType = file.storyboard; name = Base; path = Base.lproj/Main.storyboard; sourceTree = "<group>"; };
		66777C612444B00E00C923F2 /* Assets.xcassets */ = {isa = PBXFileReference; lastKnownFileType = folder.assetcatalog; path = Assets.xcassets; sourceTree = "<group>"; };
		66777C642444B00E00C923F2 /* Base */ = {isa = PBXFileReference; lastKnownFileType = file.storyboard; name = Base; path = Base.lproj/LaunchScreen.storyboard; sourceTree = "<group>"; };
		66777C662444B00E00C923F2 /* Info.plist */ = {isa = PBXFileReference; lastKnownFileType = text.plist.xml; path = Info.plist; sourceTree = "<group>"; };
		66777C732444C96200C923F2 /* GameViewController.swift */ = {isa = PBXFileReference; lastKnownFileType = sourcecode.swift; path = GameViewController.swift; sourceTree = "<group>"; };
		66777C772444CAEC00C923F2 /* MainMenuViewController.swift */ = {isa = PBXFileReference; lastKnownFileType = sourcecode.swift; path = MainMenuViewController.swift; sourceTree = "<group>"; };
		66777C812444D89600C923F2 /* MQuestion.swift */ = {isa = PBXFileReference; lastKnownFileType = sourcecode.swift; path = MQuestion.swift; sourceTree = "<group>"; };
		66B2F02B248E45BC00E20C46 /* RandomQuestions.swift */ = {isa = PBXFileReference; fileEncoding = 4; lastKnownFileType = sourcecode.swift; path = RandomQuestions.swift; sourceTree = "<group>"; };
		66B2F02D248E45BC00E20C46 /* SequentialQuestions.swift */ = {isa = PBXFileReference; fileEncoding = 4; lastKnownFileType = sourcecode.swift; path = SequentialQuestions.swift; sourceTree = "<group>"; };
		66B2F031248E45FA00E20C46 /* Difficulty.swift */ = {isa = PBXFileReference; fileEncoding = 4; lastKnownFileType = sourcecode.swift; path = Difficulty.swift; sourceTree = "<group>"; };
		66B2F033248E460100E20C46 /* GameSession.swift */ = {isa = PBXFileReference; fileEncoding = 4; lastKnownFileType = sourcecode.swift; path = GameSession.swift; sourceTree = "<group>"; };
		66B2F034248E460100E20C46 /* Game.swift */ = {isa = PBXFileReference; fileEncoding = 4; lastKnownFileType = sourcecode.swift; path = Game.swift; sourceTree = "<group>"; };
		66EFCC3624522AFB004A76C7 /* Bundle-Decodable.swift */ = {isa = PBXFileReference; fileEncoding = 4; lastKnownFileType = sourcecode.swift; path = "Bundle-Decodable.swift"; sourceTree = "<group>"; };
/* End PBXFileReference section */

/* Begin PBXFrameworksBuildPhase section */
		66777C522444B00C00C923F2 /* Frameworks */ = {
			isa = PBXFrameworksBuildPhase;
			buildActionMask = 2147483647;
			files = (
			);
			runOnlyForDeploymentPostprocessing = 0;
		};
/* End PBXFrameworksBuildPhase section */

/* Begin PBXGroup section */
		66115324249546320089454C /* Observable */ = {
			isa = PBXGroup;
			children = (
				66115325249546460089454C /* Observable.swift */,
				661153272495466E0089454C /* ObservableOptions.swift */,
			);
			path = Observable;
			sourceTree = "<group>";
		};
		66777C4C2444B00C00C923F2 = {
			isa = PBXGroup;
			children = (
				66777C572444B00C00C923F2 /* WhoMillionaire */,
				66777C562444B00C00C923F2 /* Products */,
			);
			sourceTree = "<group>";
		};
		66777C562444B00C00C923F2 /* Products */ = {
			isa = PBXGroup;
			children = (
				66777C552444B00C00C923F2 /* WhoMillionaire.app */,
			);
			name = Products;
			sourceTree = "<group>";
		};
		66777C572444B00C00C923F2 /* WhoMillionaire */ = {
			isa = PBXGroup;
			children = (
				66115324249546320089454C /* Observable */,
				66777C6F2444B16300C923F2 /* Model */,
				66777C6E2444B14E00C923F2 /* Fundamental */,
				66B2F024248E450200E20C46 /* Strategy */,
				66777C702444B19C00C923F2 /* Game */,
				66777C712444B1B200C923F2 /* Storyboards */,
				66EFCC3824522B0B004A76C7 /* Extension */,
				66777C722444B1D300C923F2 /* Helpers */,
			);
			path = WhoMillionaire;
			sourceTree = "<group>";
		};
		66777C6E2444B14E00C923F2 /* Fundamental */ = {
			isa = PBXGroup;
			children = (
				66777C582444B00C00C923F2 /* AppDelegate.swift */,
				66777C5A2444B00C00C923F2 /* SceneDelegate.swift */,
			);
			path = Fundamental;
			sourceTree = "<group>";
		};
		66777C6F2444B16300C923F2 /* Model */ = {
			isa = PBXGroup;
			children = (
				66B2F031248E45FA00E20C46 /* Difficulty.swift */,
				66777C812444D89600C923F2 /* MQuestion.swift */,
				66B2F034248E460100E20C46 /* Game.swift */,
				66B2F033248E460100E20C46 /* GameSession.swift */,
				6611533324968C570089454C /* Question.swift */,
				6629195F2490FDBE009F98AD /* QuestionSession.swift */,
			);
			path = Model;
			sourceTree = "<group>";
		};
		66777C702444B19C00C923F2 /* Game */ = {
			isa = PBXGroup;
			children = (
				66777C772444CAEC00C923F2 /* MainMenuViewController.swift */,
				66777C732444C96200C923F2 /* GameViewController.swift */,
				660CF5BD245757200062B1AC /* ScoreViewController.swift */,
				6642A03E24608CE600964CC5 /* RecordsTableViewController.swift */,
				66115331249640430089454C /* AddNewQuestionViewController.swift */,
			);
			path = Game;
			sourceTree = "<group>";
		};
		66777C712444B1B200C923F2 /* Storyboards */ = {
			isa = PBXGroup;
			children = (
				66777C5E2444B00C00C923F2 /* Main.storyboard */,
				66777C632444B00E00C923F2 /* LaunchScreen.storyboard */,
			);
			path = Storyboards;
			sourceTree = "<group>";
		};
		66777C722444B1D300C923F2 /* Helpers */ = {
			isa = PBXGroup;
			children = (
				6642A03C2460868E00964CC5 /* RecordsCaretaker.swift */,
				6611533524968D850089454C /* QuestionsCaretaker.swift */,
				6631F0182446229A00ECA686 /* questions.json */,
				66777C662444B00E00C923F2 /* Info.plist */,
				66777C612444B00E00C923F2 /* Assets.xcassets */,
			);
			path = Helpers;
			sourceTree = "<group>";
		};
		66B2F024248E450200E20C46 /* Strategy */ = {
			isa = PBXGroup;
			children = (
				6629196324926F73009F98AD /* QuestionsStrategy.swift */,
				66B2F02D248E45BC00E20C46 /* SequentialQuestions.swift */,
				66B2F02B248E45BC00E20C46 /* RandomQuestions.swift */,
			);
			path = Strategy;
			sourceTree = "<group>";
		};
		66EFCC3824522B0B004A76C7 /* Extension */ = {
			isa = PBXGroup;
			children = (
				66EFCC3624522AFB004A76C7 /* Bundle-Decodable.swift */,
				660CF5BB245729C40062B1AC /* UIButton+Extension.swift */,
				66109EC22497914D00EE3F19 /* UIColor+Extension.swift */,
				662919612491044A009F98AD /* GameViewController+Extension.swift */,
			);
			path = Extension;
			sourceTree = "<group>";
		};
/* End PBXGroup section */

/* Begin PBXNativeTarget section */
		66777C542444B00C00C923F2 /* WhoMillionaire */ = {
			isa = PBXNativeTarget;
			buildConfigurationList = 66777C692444B00E00C923F2 /* Build configuration list for PBXNativeTarget "WhoMillionaire" */;
			buildPhases = (
				66777C512444B00C00C923F2 /* Sources */,
				66777C522444B00C00C923F2 /* Frameworks */,
				66777C532444B00C00C923F2 /* Resources */,
			);
			buildRules = (
			);
			dependencies = (
			);
			name = WhoMillionaire;
			productName = WhoMillionaire;
			productReference = 66777C552444B00C00C923F2 /* WhoMillionaire.app */;
			productType = "com.apple.product-type.application";
		};
/* End PBXNativeTarget section */

/* Begin PBXProject section */
		66777C4D2444B00C00C923F2 /* Project object */ = {
			isa = PBXProject;
			attributes = {
				LastSwiftUpdateCheck = 1140;
				LastUpgradeCheck = 1140;
				ORGANIZATIONNAME = "Станислав Лемешаев";
				TargetAttributes = {
					66777C542444B00C00C923F2 = {
						CreatedOnToolsVersion = 11.4;
					};
				};
			};
			buildConfigurationList = 66777C502444B00C00C923F2 /* Build configuration list for PBXProject "WhoMillionaire" */;
			compatibilityVersion = "Xcode 9.3";
			developmentRegion = en;
			hasScannedForEncodings = 0;
			knownRegions = (
				en,
				Base,
			);
			mainGroup = 66777C4C2444B00C00C923F2;
			productRefGroup = 66777C562444B00C00C923F2 /* Products */;
			projectDirPath = "";
			projectRoot = "";
			targets = (
				66777C542444B00C00C923F2 /* WhoMillionaire */,
			);
		};
/* End PBXProject section */

/* Begin PBXResourcesBuildPhase section */
		66777C532444B00C00C923F2 /* Resources */ = {
			isa = PBXResourcesBuildPhase;
			buildActionMask = 2147483647;
			files = (
				66777C652444B00E00C923F2 /* LaunchScreen.storyboard in Resources */,
				6631F0192446229A00ECA686 /* questions.json in Resources */,
				66777C622444B00E00C923F2 /* Assets.xcassets in Resources */,
				66777C602444B00C00C923F2 /* Main.storyboard in Resources */,
			);
			runOnlyForDeploymentPostprocessing = 0;
		};
/* End PBXResourcesBuildPhase section */

/* Begin PBXSourcesBuildPhase section */
		66777C512444B00C00C923F2 /* Sources */ = {
			isa = PBXSourcesBuildPhase;
			buildActionMask = 2147483647;
			files = (
				66115326249546460089454C /* Observable.swift in Sources */,
				6642A03F24608CE600964CC5 /* RecordsTableViewController.swift in Sources */,
				66B2F036248E460100E20C46 /* Game.swift in Sources */,
				661153282495466E0089454C /* ObservableOptions.swift in Sources */,
				662919622491044A009F98AD /* GameViewController+Extension.swift in Sources */,
				6642A03D2460868E00964CC5 /* RecordsCaretaker.swift in Sources */,
				66777C782444CAEC00C923F2 /* MainMenuViewController.swift in Sources */,
				66777C592444B00C00C923F2 /* AppDelegate.swift in Sources */,
				6611533624968D850089454C /* QuestionsCaretaker.swift in Sources */,
				66B2F02E248E45BC00E20C46 /* RandomQuestions.swift in Sources */,
				6611533424968C570089454C /* Question.swift in Sources */,
				66777C742444C96200C923F2 /* GameViewController.swift in Sources */,
				66777C822444D89600C923F2 /* MQuestion.swift in Sources */,
				66777C5B2444B00C00C923F2 /* SceneDelegate.swift in Sources */,
				66B2F035248E460100E20C46 /* GameSession.swift in Sources */,
				66109EC32497914D00EE3F19 /* UIColor+Extension.swift in Sources */,
				66B2F030248E45BC00E20C46 /* SequentialQuestions.swift in Sources */,
				660CF5BC245729C40062B1AC /* UIButton+Extension.swift in Sources */,
				66EFCC3724522AFB004A76C7 /* Bundle-Decodable.swift in Sources */,
				6629196424926F73009F98AD /* QuestionsStrategy.swift in Sources */,
				66115332249640430089454C /* AddNewQuestionViewController.swift in Sources */,
				66B2F032248E45FB00E20C46 /* Difficulty.swift in Sources */,
				662919602490FDBE009F98AD /* QuestionSession.swift in Sources */,
				660CF5BE245757200062B1AC /* ScoreViewController.swift in Sources */,
			);
			runOnlyForDeploymentPostprocessing = 0;
		};
/* End PBXSourcesBuildPhase section */

/* Begin PBXVariantGroup section */
		66777C5E2444B00C00C923F2 /* Main.storyboard */ = {
			isa = PBXVariantGroup;
			children = (
				66777C5F2444B00C00C923F2 /* Base */,
			);
			name = Main.storyboard;
			sourceTree = "<group>";
		};
		66777C632444B00E00C923F2 /* LaunchScreen.storyboard */ = {
			isa = PBXVariantGroup;
			children = (
				66777C642444B00E00C923F2 /* Base */,
			);
			name = LaunchScreen.storyboard;
			sourceTree = "<group>";
		};
/* End PBXVariantGroup section */

/* Begin XCBuildConfiguration section */
		66777C672444B00E00C923F2 /* Debug */ = {
			isa = XCBuildConfiguration;
			buildSettings = {
				ALWAYS_SEARCH_USER_PATHS = NO;
				CLANG_ANALYZER_NONNULL = YES;
				CLANG_ANALYZER_NUMBER_OBJECT_CONVERSION = YES_AGGRESSIVE;
				CLANG_CXX_LANGUAGE_STANDARD = "gnu++14";
				CLANG_CXX_LIBRARY = "libc++";
				CLANG_ENABLE_MODULES = YES;
				CLANG_ENABLE_OBJC_ARC = YES;
				CLANG_ENABLE_OBJC_WEAK = YES;
				CLANG_WARN_BLOCK_CAPTURE_AUTORELEASING = YES;
				CLANG_WARN_BOOL_CONVERSION = YES;
				CLANG_WARN_COMMA = YES;
				CLANG_WARN_CONSTANT_CONVERSION = YES;
				CLANG_WARN_DEPRECATED_OBJC_IMPLEMENTATIONS = YES;
				CLANG_WARN_DIRECT_OBJC_ISA_USAGE = YES_ERROR;
				CLANG_WARN_DOCUMENTATION_COMMENTS = YES;
				CLANG_WARN_EMPTY_BODY = YES;
				CLANG_WARN_ENUM_CONVERSION = YES;
				CLANG_WARN_INFINITE_RECURSION = YES;
				CLANG_WARN_INT_CONVERSION = YES;
				CLANG_WARN_NON_LITERAL_NULL_CONVERSION = YES;
				CLANG_WARN_OBJC_IMPLICIT_RETAIN_SELF = YES;
				CLANG_WARN_OBJC_LITERAL_CONVERSION = YES;
				CLANG_WARN_OBJC_ROOT_CLASS = YES_ERROR;
				CLANG_WARN_RANGE_LOOP_ANALYSIS = YES;
				CLANG_WARN_STRICT_PROTOTYPES = YES;
				CLANG_WARN_SUSPICIOUS_MOVE = YES;
				CLANG_WARN_UNGUARDED_AVAILABILITY = YES_AGGRESSIVE;
				CLANG_WARN_UNREACHABLE_CODE = YES;
				CLANG_WARN__DUPLICATE_METHOD_MATCH = YES;
				COPY_PHASE_STRIP = NO;
				DEBUG_INFORMATION_FORMAT = dwarf;
				ENABLE_STRICT_OBJC_MSGSEND = YES;
				ENABLE_TESTABILITY = YES;
				GCC_C_LANGUAGE_STANDARD = gnu11;
				GCC_DYNAMIC_NO_PIC = NO;
				GCC_NO_COMMON_BLOCKS = YES;
				GCC_OPTIMIZATION_LEVEL = 0;
				GCC_PREPROCESSOR_DEFINITIONS = (
					"DEBUG=1",
					"$(inherited)",
				);
				GCC_WARN_64_TO_32_BIT_CONVERSION = YES;
				GCC_WARN_ABOUT_RETURN_TYPE = YES_ERROR;
				GCC_WARN_UNDECLARED_SELECTOR = YES;
				GCC_WARN_UNINITIALIZED_AUTOS = YES_AGGRESSIVE;
				GCC_WARN_UNUSED_FUNCTION = YES;
				GCC_WARN_UNUSED_VARIABLE = YES;
				IPHONEOS_DEPLOYMENT_TARGET = 13.1;
				MTL_ENABLE_DEBUG_INFO = INCLUDE_SOURCE;
				MTL_FAST_MATH = YES;
				ONLY_ACTIVE_ARCH = YES;
				SDKROOT = iphoneos;
				SWIFT_ACTIVE_COMPILATION_CONDITIONS = DEBUG;
				SWIFT_OPTIMIZATION_LEVEL = "-Onone";
			};
			name = Debug;
		};
		66777C682444B00E00C923F2 /* Release */ = {
			isa = XCBuildConfiguration;
			buildSettings = {
				ALWAYS_SEARCH_USER_PATHS = NO;
				CLANG_ANALYZER_NONNULL = YES;
				CLANG_ANALYZER_NUMBER_OBJECT_CONVERSION = YES_AGGRESSIVE;
				CLANG_CXX_LANGUAGE_STANDARD = "gnu++14";
				CLANG_CXX_LIBRARY = "libc++";
				CLANG_ENABLE_MODULES = YES;
				CLANG_ENABLE_OBJC_ARC = YES;
				CLANG_ENABLE_OBJC_WEAK = YES;
				CLANG_WARN_BLOCK_CAPTURE_AUTORELEASING = YES;
				CLANG_WARN_BOOL_CONVERSION = YES;
				CLANG_WARN_COMMA = YES;
				CLANG_WARN_CONSTANT_CONVERSION = YES;
				CLANG_WARN_DEPRECATED_OBJC_IMPLEMENTATIONS = YES;
				CLANG_WARN_DIRECT_OBJC_ISA_USAGE = YES_ERROR;
				CLANG_WARN_DOCUMENTATION_COMMENTS = YES;
				CLANG_WARN_EMPTY_BODY = YES;
				CLANG_WARN_ENUM_CONVERSION = YES;
				CLANG_WARN_INFINITE_RECURSION = YES;
				CLANG_WARN_INT_CONVERSION = YES;
				CLANG_WARN_NON_LITERAL_NULL_CONVERSION = YES;
				CLANG_WARN_OBJC_IMPLICIT_RETAIN_SELF = YES;
				CLANG_WARN_OBJC_LITERAL_CONVERSION = YES;
				CLANG_WARN_OBJC_ROOT_CLASS = YES_ERROR;
				CLANG_WARN_RANGE_LOOP_ANALYSIS = YES;
				CLANG_WARN_STRICT_PROTOTYPES = YES;
				CLANG_WARN_SUSPICIOUS_MOVE = YES;
				CLANG_WARN_UNGUARDED_AVAILABILITY = YES_AGGRESSIVE;
				CLANG_WARN_UNREACHABLE_CODE = YES;
				CLANG_WARN__DUPLICATE_METHOD_MATCH = YES;
				COPY_PHASE_STRIP = NO;
				DEBUG_INFORMATION_FORMAT = "dwarf-with-dsym";
				ENABLE_NS_ASSERTIONS = NO;
				ENABLE_STRICT_OBJC_MSGSEND = YES;
				GCC_C_LANGUAGE_STANDARD = gnu11;
				GCC_NO_COMMON_BLOCKS = YES;
				GCC_WARN_64_TO_32_BIT_CONVERSION = YES;
				GCC_WARN_ABOUT_RETURN_TYPE = YES_ERROR;
				GCC_WARN_UNDECLARED_SELECTOR = YES;
				GCC_WARN_UNINITIALIZED_AUTOS = YES_AGGRESSIVE;
				GCC_WARN_UNUSED_FUNCTION = YES;
				GCC_WARN_UNUSED_VARIABLE = YES;
				IPHONEOS_DEPLOYMENT_TARGET = 13.1;
				MTL_ENABLE_DEBUG_INFO = NO;
				MTL_FAST_MATH = YES;
				SDKROOT = iphoneos;
				SWIFT_COMPILATION_MODE = wholemodule;
				SWIFT_OPTIMIZATION_LEVEL = "-O";
				VALIDATE_PRODUCT = YES;
			};
			name = Release;
		};
		66777C6A2444B00E00C923F2 /* Debug */ = {
			isa = XCBuildConfiguration;
			buildSettings = {
				ASSETCATALOG_COMPILER_APPICON_NAME = AppIcon;
				CODE_SIGN_STYLE = Automatic;
				DEVELOPMENT_TEAM = 5GWB2H668N;
				INFOPLIST_FILE = WhoMillionaire/Helpers/Info.plist;
				LD_RUNPATH_SEARCH_PATHS = (
					"$(inherited)",
					"@executable_path/Frameworks",
				);
				PRODUCT_BUNDLE_IDENTIFIER = slemeshaev.WhoMillionaire;
				PRODUCT_NAME = "$(TARGET_NAME)";
				SWIFT_VERSION = 5.0;
				TARGETED_DEVICE_FAMILY = 1;
			};
			name = Debug;
		};
		66777C6B2444B00E00C923F2 /* Release */ = {
			isa = XCBuildConfiguration;
			buildSettings = {
				ASSETCATALOG_COMPILER_APPICON_NAME = AppIcon;
				CODE_SIGN_STYLE = Automatic;
				DEVELOPMENT_TEAM = 5GWB2H668N;
				INFOPLIST_FILE = WhoMillionaire/Helpers/Info.plist;
				LD_RUNPATH_SEARCH_PATHS = (
					"$(inherited)",
					"@executable_path/Frameworks",
				);
				PRODUCT_BUNDLE_IDENTIFIER = slemeshaev.WhoMillionaire;
				PRODUCT_NAME = "$(TARGET_NAME)";
				SWIFT_VERSION = 5.0;
				TARGETED_DEVICE_FAMILY = 1;
			};
			name = Release;
		};
/* End XCBuildConfiguration section */

/* Begin XCConfigurationList section */
		66777C502444B00C00C923F2 /* Build configuration list for PBXProject "WhoMillionaire" */ = {
			isa = XCConfigurationList;
			buildConfigurations = (
				66777C672444B00E00C923F2 /* Debug */,
				66777C682444B00E00C923F2 /* Release */,
			);
			defaultConfigurationIsVisible = 0;
			defaultConfigurationName = Release;
		};
		66777C692444B00E00C923F2 /* Build configuration list for PBXNativeTarget "WhoMillionaire" */ = {
			isa = XCConfigurationList;
			buildConfigurations = (
				66777C6A2444B00E00C923F2 /* Debug */,
				66777C6B2444B00E00C923F2 /* Release */,
			);
			defaultConfigurationIsVisible = 0;
			defaultConfigurationName = Release;
		};
/* End XCConfigurationList section */
	};
	rootObject = 66777C4D2444B00C00C923F2 /* Project object */;
}
